
Microsoft Visual Studio Solution File, Format Version 12.00
# Visual Studio 2012
Project("{FAE04EC0-301F-11D3-BF4B-00C04F79EFBC}") = "LimeBean", "LimeBean\LimeBean.csproj", "{7499BFB8-59D8-4784-82E3-A75963DD8CA5}"
EndProject
Project("{FAE04EC0-301F-11D3-BF4B-00C04F79EFBC}") = "LimeBean.Tests", "LimeBean.Tests\LimeBean.Tests.csproj", "{9B7B480E-7032-45AD-BA54-C337FCB5C877}"
EndProject
Global
	GlobalSection(SolutionConfigurationPlatforms) = preSolution
		Debug|Any CPU = Debug|Any CPU
		Release|Any CPU = Release|Any CPU
	EndGlobalSection
	GlobalSection(ProjectConfigurationPlatforms) = postSolution
		{7499BFB8-59D8-4784-82E3-A75963DD8CA5}.Debug|Any CPU.ActiveCfg = Debug|Any CPU
		{7499BFB8-59D8-4784-82E3-A75963DD8CA5}.Debug|Any CPU.Build.0 = Debug|Any CPU
		{7499BFB8-59D8-4784-82E3-A75963DD8CA5}.Release|Any CPU.ActiveCfg = Release|Any CPU
		{7499BFB8-59D8-4784-82E3-A75963DD8CA5}.Release|Any CPU.Build.0 = Release|Any CPU
		{9B7B480E-7032-45AD-BA54-C337FCB5C877}.Debug|Any CPU.ActiveCfg = Debug|Any CPU
		{9B7B480E-7032-45AD-BA54-C337FCB5C877}.Debug|Any CPU.Build.0 = Debug|Any CPU
		{9B7B480E-7032-45AD-BA54-C337FCB5C877}.Release|Any CPU.ActiveCfg = Release|Any CPU
		{9B7B480E-7032-45AD-BA54-C337FCB5C877}.Release|Any CPU.Build.0 = Release|Any CPU
	EndGlobalSection
	GlobalSection(SolutionProperties) = preSolution
		HideSolutionNode = FALSE
	EndGlobalSection
EndGlobal
