
Microsoft Visual Studio Solution File, Format Version 12.00
# Visual Studio 2012
Project("{FAE04EC0-301F-11D3-BF4B-00C04F79EFBC}") = "LimeBean.MonoAndroid", "LimeBean\LimeBean.MonoAndroid.csproj", "{E37A20F7-5F72-48C7-BDB5-6379AD439803}"
EndProject
Project("{FAE04EC0-301F-11D3-BF4B-00C04F79EFBC}") = "LimeBean.MonoTouch", "LimeBean\LimeBean.MonoTouch.csproj", "{3DCA79A7-0B93-4E10-87A3-18DD761BAA51}"
EndProject
Project("{FAE04EC0-301F-11D3-BF4B-00C04F79EFBC}") = "LimeBean.Xamarin.iOS", "LimeBean\LimeBean.Xamarin.iOS.csproj", "{16817D88-A868-48C5-8D73-170EBCC2C5EE}"
EndProject
Global
	GlobalSection(SolutionConfigurationPlatforms) = preSolution
		Debug|Any CPU = Debug|Any CPU
		Release|Any CPU = Release|Any CPU
	EndGlobalSection
	GlobalSection(ProjectConfigurationPlatforms) = postSolution
		{E37A20F7-5F72-48C7-BDB5-6379AD439803}.Debug|Any CPU.ActiveCfg = Debug|Any CPU
		{E37A20F7-5F72-48C7-BDB5-6379AD439803}.Debug|Any CPU.Build.0 = Debug|Any CPU
		{E37A20F7-5F72-48C7-BDB5-6379AD439803}.Release|Any CPU.ActiveCfg = Release|Any CPU
		{E37A20F7-5F72-48C7-BDB5-6379AD439803}.Release|Any CPU.Build.0 = Release|Any CPU
		{3DCA79A7-0B93-4E10-87A3-18DD761BAA51}.Debug|Any CPU.ActiveCfg = Debug|Any CPU
		{3DCA79A7-0B93-4E10-87A3-18DD761BAA51}.Debug|Any CPU.Build.0 = Debug|Any CPU
		{3DCA79A7-0B93-4E10-87A3-18DD761BAA51}.Release|Any CPU.ActiveCfg = Release|Any CPU
		{3DCA79A7-0B93-4E10-87A3-18DD761BAA51}.Release|Any CPU.Build.0 = Release|Any CPU
		{16817D88-A868-48C5-8D73-170EBCC2C5EE}.Debug|Any CPU.ActiveCfg = Debug|Any CPU
		{16817D88-A868-48C5-8D73-170EBCC2C5EE}.Debug|Any CPU.Build.0 = Debug|Any CPU
		{16817D88-A868-48C5-8D73-170EBCC2C5EE}.Release|Any CPU.ActiveCfg = Release|Any CPU
		{16817D88-A868-48C5-8D73-170EBCC2C5EE}.Release|Any CPU.Build.0 = Release|Any CPU
	EndGlobalSection
	GlobalSection(SolutionProperties) = preSolution
		HideSolutionNode = FALSE
	EndGlobalSection
EndGlobal
